
Microsoft Visual Studio Solution File, Format Version 12.00
# Visual Studio Version 16
VisualStudioVersion = 16.0.30114.105
MinimumVisualStudioVersion = 10.0.40219.1
Project("{FAE04EC0-301F-11D3-BF4B-00C04F79EFBC}") = "UndertaleModLib", "lib\UndertaleModTool\UndertaleModLib\UndertaleModLib.csproj", "{E2174012-6D2E-481A-A6C1-978E25613D92}"
EndProject
Project("{FAE04EC0-301F-11D3-BF4B-00C04F79EFBC}") = "DiffPatch", "lib\DiffPatch\DiffPatch.csproj", "{00A24CB6-D68F-44CA-8C4D-CC261869C32B}"
EndProject
Project("{FAE04EC0-301F-11D3-BF4B-00C04F79EFBC}") = "HoloCure.ModLoader", "HoloCure.ModLoader\HoloCure.ModLoader.csproj", "{40F93AB6-5645-4EE3-9B0D-DF07589D241D}"
EndProject
Project("{FAE04EC0-301F-11D3-BF4B-00C04F79EFBC}") = "HoloCure.ModLoader.API", "HoloCure.ModLoader.API\HoloCure.ModLoader.API.csproj", "{51BC263D-5E99-4D21-B9BE-83B9D439388A}"
EndProject
Project("{FAE04EC0-301F-11D3-BF4B-00C04F79EFBC}") = "HoloCure.ModLoader.Updater", "HoloCure.ModLoader.Updater\HoloCure.ModLoader.Updater.csproj", "{582DE555-FEB0-4A08-ABBD-3BBBE44A64DC}"
EndProject
Project("{FAE04EC0-301F-11D3-BF4B-00C04F79EFBC}") = "HoloCure.API", "HoloCure.API\HoloCure.API.csproj", "{13E081FF-D94F-47A8-B303-D0793723394A}"
EndProject
Project("{FAE04EC0-301F-11D3-BF4B-00C04F79EFBC}") = "HoloCure.ModLoader.Logging", "HoloCure.ModLoader.Logging\HoloCure.ModLoader.Logging.csproj", "{1F73E2C0-8861-4304-AEC4-7736C9814438}"
EndProject
Project("{FAE04EC0-301F-11D3-BF4B-00C04F79EFBC}") = "HoloCure.ModLoader.API.Tests", "HoloCure.ModLoader.API.Tests\HoloCure.ModLoader.API.Tests.csproj", "{0F12D16D-CA5C-4128-9E89-B1A4E6D17676}"
EndProject
Project("{2150E333-8FDC-42A3-9474-1A3956D46DE8}") = "Root", "Root", "{E450F355-CA04-43F3-BA54-27BC6B5C6128}"
	ProjectSection(SolutionItems) = preProject
		shared.targets = shared.targets
		git.targets = git.targets
		konata.targets = konata.targets
	EndProjectSection
EndProject
Project("{FAE04EC0-301F-11D3-BF4B-00C04F79EFBC}") = "HoloCure.ModLoader.YYTK.Windows", "HoloCure.ModLoader.YYTK.Windows\HoloCure.ModLoader.YYTK.Windows.csproj", "{9997ECA0-6F7A-40A1-8539-78F8E9628940}"
EndProject
Project("{FAE04EC0-301F-11D3-BF4B-00C04F79EFBC}") = "HoloCure.ModLoader.YYTK.MacOS", "HoloCure.ModLoader.YYTK.MacOS\HoloCure.ModLoader.YYTK.MacOS.csproj", "{D8C35352-46C0-438F-AE8B-7B3E00A2EADE}"
EndProject
Project("{FAE04EC0-301F-11D3-BF4B-00C04F79EFBC}") = "HoloCure.ModLoader.YYTK.Linux", "HoloCure.ModLoader.YYTK.Linux\HoloCure.ModLoader.YYTK.Linux.csproj", "{146CE500-53DD-4753-970A-4D17794725C9}"
EndProject
Project("{FAE04EC0-301F-11D3-BF4B-00C04F79EFBC}") = "HoloCure.ModLoader.YYTK", "HoloCure.ModLoader.YYTK\HoloCure.ModLoader.YYTK.csproj", "{EACF196D-FAAA-424E-9A18-635DBC4F32F2}"
EndProject
Project("{FAE04EC0-301F-11D3-BF4B-00C04F79EFBC}") = "Konata.Windows", "Konata.Windows\Konata.Windows.csproj", "{B93A27E5-5C77-47A5-A833-40620B50E5F9}"
EndProject
Global
	GlobalSection(SolutionConfigurationPlatforms) = preSolution
		Release (Windows)|Any CPU = Release (Windows)|Any CPU
		Debug (Linux)|Any CPU = Debug (Linux)|Any CPU
		Debug (Windows)|Any CPU = Debug (Windows)|Any CPU
		Release (Linux)|Any CPU = Release (Linux)|Any CPU
		Release (MacOS)|Any CPU = Release (MacOS)|Any CPU
		Debug (MacOS)|Any CPU = Debug (MacOS)|Any CPU
	EndGlobalSection
	GlobalSection(SolutionProperties) = preSolution
		HideSolutionNode = FALSE
	EndGlobalSection
	GlobalSection(ProjectConfigurationPlatforms) = postSolution
		{00A24CB6-D68F-44CA-8C4D-CC261869C32B}.Release (Windows)|Any CPU.ActiveCfg = Release (Windows)|Any CPU
		{00A24CB6-D68F-44CA-8C4D-CC261869C32B}.Release (Windows)|Any CPU.Build.0 = Release (Windows)|Any CPU
		{00A24CB6-D68F-44CA-8C4D-CC261869C32B}.Debug (Linux)|Any CPU.ActiveCfg = Debug (Linux)|Any CPU
		{00A24CB6-D68F-44CA-8C4D-CC261869C32B}.Debug (Linux)|Any CPU.Build.0 = Debug (Linux)|Any CPU
		{00A24CB6-D68F-44CA-8C4D-CC261869C32B}.Debug (Windows)|Any CPU.ActiveCfg = Debug (Windows)|Any CPU
		{00A24CB6-D68F-44CA-8C4D-CC261869C32B}.Debug (Windows)|Any CPU.Build.0 = Debug (Windows)|Any CPU
		{00A24CB6-D68F-44CA-8C4D-CC261869C32B}.Release (Linux)|Any CPU.ActiveCfg = Release (Linux)|Any CPU
		{00A24CB6-D68F-44CA-8C4D-CC261869C32B}.Release (Linux)|Any CPU.Build.0 = Release (Linux)|Any CPU
		{00A24CB6-D68F-44CA-8C4D-CC261869C32B}.Release (MacOS)|Any CPU.ActiveCfg = Release (MacOS)|Any CPU
		{00A24CB6-D68F-44CA-8C4D-CC261869C32B}.Release (MacOS)|Any CPU.Build.0 = Release (MacOS)|Any CPU
		{00A24CB6-D68F-44CA-8C4D-CC261869C32B}.Debug (MacOS)|Any CPU.ActiveCfg = Debug (MacOS)|Any CPU
		{00A24CB6-D68F-44CA-8C4D-CC261869C32B}.Debug (MacOS)|Any CPU.Build.0 = Debug (MacOS)|Any CPU
		{13E081FF-D94F-47A8-B303-D0793723394A}.Release (Windows)|Any CPU.ActiveCfg = Release (Windows)|Any CPU
		{13E081FF-D94F-47A8-B303-D0793723394A}.Release (Windows)|Any CPU.Build.0 = Release (Windows)|Any CPU
		{13E081FF-D94F-47A8-B303-D0793723394A}.Debug (Linux)|Any CPU.ActiveCfg = Debug (Linux)|Any CPU
		{13E081FF-D94F-47A8-B303-D0793723394A}.Debug (Linux)|Any CPU.Build.0 = Debug (Linux)|Any CPU
		{13E081FF-D94F-47A8-B303-D0793723394A}.Debug (Windows)|Any CPU.ActiveCfg = Debug (Windows)|Any CPU
		{13E081FF-D94F-47A8-B303-D0793723394A}.Debug (Windows)|Any CPU.Build.0 = Debug (Windows)|Any CPU
		{13E081FF-D94F-47A8-B303-D0793723394A}.Release (Linux)|Any CPU.ActiveCfg = Release (Linux)|Any CPU
		{13E081FF-D94F-47A8-B303-D0793723394A}.Release (Linux)|Any CPU.Build.0 = Release (Linux)|Any CPU
		{13E081FF-D94F-47A8-B303-D0793723394A}.Release (MacOS)|Any CPU.ActiveCfg = Release (MacOS)|Any CPU
		{13E081FF-D94F-47A8-B303-D0793723394A}.Release (MacOS)|Any CPU.Build.0 = Release (MacOS)|Any CPU
		{13E081FF-D94F-47A8-B303-D0793723394A}.Debug (MacOS)|Any CPU.ActiveCfg = Debug (MacOS)|Any CPU
		{13E081FF-D94F-47A8-B303-D0793723394A}.Debug (MacOS)|Any CPU.Build.0 = Debug (MacOS)|Any CPU
		{40F93AB6-5645-4EE3-9B0D-DF07589D241D}.Release (Windows)|Any CPU.ActiveCfg = Release (Windows)|Any CPU
		{40F93AB6-5645-4EE3-9B0D-DF07589D241D}.Release (Windows)|Any CPU.Build.0 = Release (Windows)|Any CPU
		{40F93AB6-5645-4EE3-9B0D-DF07589D241D}.Debug (Linux)|Any CPU.ActiveCfg = Debug (Linux)|Any CPU
		{40F93AB6-5645-4EE3-9B0D-DF07589D241D}.Debug (Linux)|Any CPU.Build.0 = Debug (Linux)|Any CPU
		{40F93AB6-5645-4EE3-9B0D-DF07589D241D}.Debug (Windows)|Any CPU.ActiveCfg = Debug (Windows)|Any CPU
		{40F93AB6-5645-4EE3-9B0D-DF07589D241D}.Debug (Windows)|Any CPU.Build.0 = Debug (Windows)|Any CPU
		{40F93AB6-5645-4EE3-9B0D-DF07589D241D}.Release (Linux)|Any CPU.ActiveCfg = Release (Linux)|Any CPU
		{40F93AB6-5645-4EE3-9B0D-DF07589D241D}.Release (Linux)|Any CPU.Build.0 = Release (Linux)|Any CPU
		{40F93AB6-5645-4EE3-9B0D-DF07589D241D}.Release (MacOS)|Any CPU.ActiveCfg = Release (MacOS)|Any CPU
		{40F93AB6-5645-4EE3-9B0D-DF07589D241D}.Release (MacOS)|Any CPU.Build.0 = Release (MacOS)|Any CPU
		{40F93AB6-5645-4EE3-9B0D-DF07589D241D}.Debug (MacOS)|Any CPU.ActiveCfg = Debug (MacOS)|Any CPU
		{40F93AB6-5645-4EE3-9B0D-DF07589D241D}.Debug (MacOS)|Any CPU.Build.0 = Debug (MacOS)|Any CPU
		{51BC263D-5E99-4D21-B9BE-83B9D439388A}.Release (Windows)|Any CPU.ActiveCfg = Release (Windows)|Any CPU
		{51BC263D-5E99-4D21-B9BE-83B9D439388A}.Release (Windows)|Any CPU.Build.0 = Release (Windows)|Any CPU
		{51BC263D-5E99-4D21-B9BE-83B9D439388A}.Debug (Linux)|Any CPU.ActiveCfg = Debug (Linux)|Any CPU
		{51BC263D-5E99-4D21-B9BE-83B9D439388A}.Debug (Linux)|Any CPU.Build.0 = Debug (Linux)|Any CPU
		{51BC263D-5E99-4D21-B9BE-83B9D439388A}.Debug (Windows)|Any CPU.ActiveCfg = Debug (Windows)|Any CPU
		{51BC263D-5E99-4D21-B9BE-83B9D439388A}.Debug (Windows)|Any CPU.Build.0 = Debug (Windows)|Any CPU
		{51BC263D-5E99-4D21-B9BE-83B9D439388A}.Release (Linux)|Any CPU.ActiveCfg = Release (Linux)|Any CPU
		{51BC263D-5E99-4D21-B9BE-83B9D439388A}.Release (Linux)|Any CPU.Build.0 = Release (Linux)|Any CPU
		{51BC263D-5E99-4D21-B9BE-83B9D439388A}.Release (MacOS)|Any CPU.ActiveCfg = Release (MacOS)|Any CPU
		{51BC263D-5E99-4D21-B9BE-83B9D439388A}.Release (MacOS)|Any CPU.Build.0 = Release (MacOS)|Any CPU
		{51BC263D-5E99-4D21-B9BE-83B9D439388A}.Debug (MacOS)|Any CPU.ActiveCfg = Debug (MacOS)|Any CPU
		{51BC263D-5E99-4D21-B9BE-83B9D439388A}.Debug (MacOS)|Any CPU.Build.0 = Debug (MacOS)|Any CPU
		{0F12D16D-CA5C-4128-9E89-B1A4E6D17676}.Release (Windows)|Any CPU.ActiveCfg = Release (Windows)|Any CPU
		{0F12D16D-CA5C-4128-9E89-B1A4E6D17676}.Release (Windows)|Any CPU.Build.0 = Release (Windows)|Any CPU
		{0F12D16D-CA5C-4128-9E89-B1A4E6D17676}.Debug (Linux)|Any CPU.ActiveCfg = Debug (Linux)|Any CPU
		{0F12D16D-CA5C-4128-9E89-B1A4E6D17676}.Debug (Linux)|Any CPU.Build.0 = Debug (Linux)|Any CPU
		{0F12D16D-CA5C-4128-9E89-B1A4E6D17676}.Debug (Windows)|Any CPU.ActiveCfg = Debug (Windows)|Any CPU
		{0F12D16D-CA5C-4128-9E89-B1A4E6D17676}.Debug (Windows)|Any CPU.Build.0 = Debug (Windows)|Any CPU
		{0F12D16D-CA5C-4128-9E89-B1A4E6D17676}.Release (Linux)|Any CPU.ActiveCfg = Release (Linux)|Any CPU
		{0F12D16D-CA5C-4128-9E89-B1A4E6D17676}.Release (Linux)|Any CPU.Build.0 = Release (Linux)|Any CPU
		{0F12D16D-CA5C-4128-9E89-B1A4E6D17676}.Release (MacOS)|Any CPU.ActiveCfg = Release (MacOS)|Any CPU
		{0F12D16D-CA5C-4128-9E89-B1A4E6D17676}.Release (MacOS)|Any CPU.Build.0 = Release (MacOS)|Any CPU
		{0F12D16D-CA5C-4128-9E89-B1A4E6D17676}.Debug (MacOS)|Any CPU.ActiveCfg = Debug (MacOS)|Any CPU
		{0F12D16D-CA5C-4128-9E89-B1A4E6D17676}.Debug (MacOS)|Any CPU.Build.0 = Debug (MacOS)|Any CPU
		{1F73E2C0-8861-4304-AEC4-7736C9814438}.Release (Windows)|Any CPU.ActiveCfg = Release (Windows)|Any CPU
		{1F73E2C0-8861-4304-AEC4-7736C9814438}.Release (Windows)|Any CPU.Build.0 = Release (Windows)|Any CPU
		{1F73E2C0-8861-4304-AEC4-7736C9814438}.Debug (Linux)|Any CPU.ActiveCfg = Debug (Linux)|Any CPU
		{1F73E2C0-8861-4304-AEC4-7736C9814438}.Debug (Linux)|Any CPU.Build.0 = Debug (Linux)|Any CPU
		{1F73E2C0-8861-4304-AEC4-7736C9814438}.Debug (Windows)|Any CPU.ActiveCfg = Debug (Windows)|Any CPU
		{1F73E2C0-8861-4304-AEC4-7736C9814438}.Debug (Windows)|Any CPU.Build.0 = Debug (Windows)|Any CPU
		{1F73E2C0-8861-4304-AEC4-7736C9814438}.Release (Linux)|Any CPU.ActiveCfg = Release (Linux)|Any CPU
		{1F73E2C0-8861-4304-AEC4-7736C9814438}.Release (Linux)|Any CPU.Build.0 = Release (Linux)|Any CPU
		{1F73E2C0-8861-4304-AEC4-7736C9814438}.Release (MacOS)|Any CPU.ActiveCfg = Release (MacOS)|Any CPU
		{1F73E2C0-8861-4304-AEC4-7736C9814438}.Release (MacOS)|Any CPU.Build.0 = Release (MacOS)|Any CPU
		{1F73E2C0-8861-4304-AEC4-7736C9814438}.Debug (MacOS)|Any CPU.ActiveCfg = Debug (MacOS)|Any CPU
		{1F73E2C0-8861-4304-AEC4-7736C9814438}.Debug (MacOS)|Any CPU.Build.0 = Debug (MacOS)|Any CPU
		{582DE555-FEB0-4A08-ABBD-3BBBE44A64DC}.Release (Windows)|Any CPU.ActiveCfg = Release (Windows)|Any CPU
		{582DE555-FEB0-4A08-ABBD-3BBBE44A64DC}.Release (Windows)|Any CPU.Build.0 = Release (Windows)|Any CPU
		{582DE555-FEB0-4A08-ABBD-3BBBE44A64DC}.Debug (Linux)|Any CPU.ActiveCfg = Debug (Linux)|Any CPU
		{582DE555-FEB0-4A08-ABBD-3BBBE44A64DC}.Debug (Linux)|Any CPU.Build.0 = Debug (Linux)|Any CPU
		{582DE555-FEB0-4A08-ABBD-3BBBE44A64DC}.Debug (Windows)|Any CPU.ActiveCfg = Debug (Windows)|Any CPU
		{582DE555-FEB0-4A08-ABBD-3BBBE44A64DC}.Debug (Windows)|Any CPU.Build.0 = Debug (Windows)|Any CPU
		{582DE555-FEB0-4A08-ABBD-3BBBE44A64DC}.Release (Linux)|Any CPU.ActiveCfg = Release (Linux)|Any CPU
		{582DE555-FEB0-4A08-ABBD-3BBBE44A64DC}.Release (Linux)|Any CPU.Build.0 = Release (Linux)|Any CPU
		{582DE555-FEB0-4A08-ABBD-3BBBE44A64DC}.Release (MacOS)|Any CPU.ActiveCfg = Release (MacOS)|Any CPU
		{582DE555-FEB0-4A08-ABBD-3BBBE44A64DC}.Release (MacOS)|Any CPU.Build.0 = Release (MacOS)|Any CPU
		{582DE555-FEB0-4A08-ABBD-3BBBE44A64DC}.Debug (MacOS)|Any CPU.ActiveCfg = Debug (MacOS)|Any CPU
		{582DE555-FEB0-4A08-ABBD-3BBBE44A64DC}.Debug (MacOS)|Any CPU.Build.0 = Debug (MacOS)|Any CPU
		{EACF196D-FAAA-424E-9A18-635DBC4F32F2}.Release (Windows)|Any CPU.ActiveCfg = Release (Windows)|Any CPU
		{EACF196D-FAAA-424E-9A18-635DBC4F32F2}.Release (Windows)|Any CPU.Build.0 = Release (Windows)|Any CPU
		{EACF196D-FAAA-424E-9A18-635DBC4F32F2}.Debug (Linux)|Any CPU.ActiveCfg = Debug (Linux)|Any CPU
		{EACF196D-FAAA-424E-9A18-635DBC4F32F2}.Debug (Linux)|Any CPU.Build.0 = Debug (Linux)|Any CPU
		{EACF196D-FAAA-424E-9A18-635DBC4F32F2}.Debug (Windows)|Any CPU.ActiveCfg = Debug (Windows)|Any CPU
		{EACF196D-FAAA-424E-9A18-635DBC4F32F2}.Debug (Windows)|Any CPU.Build.0 = Debug (Windows)|Any CPU
		{EACF196D-FAAA-424E-9A18-635DBC4F32F2}.Release (Linux)|Any CPU.ActiveCfg = Release (Linux)|Any CPU
		{EACF196D-FAAA-424E-9A18-635DBC4F32F2}.Release (Linux)|Any CPU.Build.0 = Release (Linux)|Any CPU
		{EACF196D-FAAA-424E-9A18-635DBC4F32F2}.Release (MacOS)|Any CPU.ActiveCfg = Release (MacOS)|Any CPU
		{EACF196D-FAAA-424E-9A18-635DBC4F32F2}.Release (MacOS)|Any CPU.Build.0 = Release (MacOS)|Any CPU
		{EACF196D-FAAA-424E-9A18-635DBC4F32F2}.Debug (MacOS)|Any CPU.ActiveCfg = Debug (MacOS)|Any CPU
		{EACF196D-FAAA-424E-9A18-635DBC4F32F2}.Debug (MacOS)|Any CPU.Build.0 = Debug (MacOS)|Any CPU
		{146CE500-53DD-4753-970A-4D17794725C9}.Release (Windows)|Any CPU.ActiveCfg = Release (Windows)|Any CPU
		{146CE500-53DD-4753-970A-4D17794725C9}.Release (Windows)|Any CPU.Build.0 = Release (Windows)|Any CPU
		{146CE500-53DD-4753-970A-4D17794725C9}.Debug (Linux)|Any CPU.ActiveCfg = Debug (Linux)|Any CPU
		{146CE500-53DD-4753-970A-4D17794725C9}.Debug (Linux)|Any CPU.Build.0 = Debug (Linux)|Any CPU
		{146CE500-53DD-4753-970A-4D17794725C9}.Debug (Windows)|Any CPU.ActiveCfg = Debug (Windows)|Any CPU
		{146CE500-53DD-4753-970A-4D17794725C9}.Debug (Windows)|Any CPU.Build.0 = Debug (Windows)|Any CPU
		{146CE500-53DD-4753-970A-4D17794725C9}.Release (Linux)|Any CPU.ActiveCfg = Release (Linux)|Any CPU
		{146CE500-53DD-4753-970A-4D17794725C9}.Release (Linux)|Any CPU.Build.0 = Release (Linux)|Any CPU
		{146CE500-53DD-4753-970A-4D17794725C9}.Release (MacOS)|Any CPU.ActiveCfg = Release (MacOS)|Any CPU
		{146CE500-53DD-4753-970A-4D17794725C9}.Release (MacOS)|Any CPU.Build.0 = Release (MacOS)|Any CPU
		{146CE500-53DD-4753-970A-4D17794725C9}.Debug (MacOS)|Any CPU.ActiveCfg = Debug (MacOS)|Any CPU
		{146CE500-53DD-4753-970A-4D17794725C9}.Debug (MacOS)|Any CPU.Build.0 = Debug (MacOS)|Any CPU
		{D8C35352-46C0-438F-AE8B-7B3E00A2EADE}.Release (Windows)|Any CPU.ActiveCfg = Release (Windows)|Any CPU
		{D8C35352-46C0-438F-AE8B-7B3E00A2EADE}.Release (Windows)|Any CPU.Build.0 = Release (Windows)|Any CPU
		{D8C35352-46C0-438F-AE8B-7B3E00A2EADE}.Debug (Linux)|Any CPU.ActiveCfg = Debug (Linux)|Any CPU
		{D8C35352-46C0-438F-AE8B-7B3E00A2EADE}.Debug (Linux)|Any CPU.Build.0 = Debug (Linux)|Any CPU
		{D8C35352-46C0-438F-AE8B-7B3E00A2EADE}.Debug (Windows)|Any CPU.ActiveCfg = Debug (Windows)|Any CPU
		{D8C35352-46C0-438F-AE8B-7B3E00A2EADE}.Debug (Windows)|Any CPU.Build.0 = Debug (Windows)|Any CPU
		{D8C35352-46C0-438F-AE8B-7B3E00A2EADE}.Release (Linux)|Any CPU.ActiveCfg = Release (Linux)|Any CPU
		{D8C35352-46C0-438F-AE8B-7B3E00A2EADE}.Release (Linux)|Any CPU.Build.0 = Release (Linux)|Any CPU
		{D8C35352-46C0-438F-AE8B-7B3E00A2EADE}.Release (MacOS)|Any CPU.ActiveCfg = Release (MacOS)|Any CPU
		{D8C35352-46C0-438F-AE8B-7B3E00A2EADE}.Release (MacOS)|Any CPU.Build.0 = Release (MacOS)|Any CPU
		{D8C35352-46C0-438F-AE8B-7B3E00A2EADE}.Debug (MacOS)|Any CPU.ActiveCfg = Debug (MacOS)|Any CPU
		{D8C35352-46C0-438F-AE8B-7B3E00A2EADE}.Debug (MacOS)|Any CPU.Build.0 = Debug (MacOS)|Any CPU
		{9997ECA0-6F7A-40A1-8539-78F8E9628940}.Release (Windows)|Any CPU.ActiveCfg = Release (Windows)|Any CPU
		{9997ECA0-6F7A-40A1-8539-78F8E9628940}.Release (Windows)|Any CPU.Build.0 = Release (Windows)|Any CPU
		{9997ECA0-6F7A-40A1-8539-78F8E9628940}.Debug (Linux)|Any CPU.ActiveCfg = Debug (Linux)|Any CPU
		{9997ECA0-6F7A-40A1-8539-78F8E9628940}.Debug (Linux)|Any CPU.Build.0 = Debug (Linux)|Any CPU
		{9997ECA0-6F7A-40A1-8539-78F8E9628940}.Debug (Windows)|Any CPU.ActiveCfg = Debug (Windows)|Any CPU
		{9997ECA0-6F7A-40A1-8539-78F8E9628940}.Debug (Windows)|Any CPU.Build.0 = Debug (Windows)|Any CPU
		{9997ECA0-6F7A-40A1-8539-78F8E9628940}.Release (Linux)|Any CPU.ActiveCfg = Release (Linux)|Any CPU
		{9997ECA0-6F7A-40A1-8539-78F8E9628940}.Release (Linux)|Any CPU.Build.0 = Release (Linux)|Any CPU
		{9997ECA0-6F7A-40A1-8539-78F8E9628940}.Release (MacOS)|Any CPU.ActiveCfg = Release (MacOS)|Any CPU
		{9997ECA0-6F7A-40A1-8539-78F8E9628940}.Release (MacOS)|Any CPU.Build.0 = Release (MacOS)|Any CPU
		{9997ECA0-6F7A-40A1-8539-78F8E9628940}.Debug (MacOS)|Any CPU.ActiveCfg = Debug (MacOS)|Any CPU
		{9997ECA0-6F7A-40A1-8539-78F8E9628940}.Debug (MacOS)|Any CPU.Build.0 = Debug (MacOS)|Any CPU
		{E2174012-6D2E-481A-A6C1-978E25613D92}.Release (Windows)|Any CPU.ActiveCfg = Release (Windows)|Any CPU
		{E2174012-6D2E-481A-A6C1-978E25613D92}.Release (Windows)|Any CPU.Build.0 = Release (Windows)|Any CPU
		{E2174012-6D2E-481A-A6C1-978E25613D92}.Debug (Linux)|Any CPU.ActiveCfg = Debug (Linux)|Any CPU
		{E2174012-6D2E-481A-A6C1-978E25613D92}.Debug (Linux)|Any CPU.Build.0 = Debug (Linux)|Any CPU
		{E2174012-6D2E-481A-A6C1-978E25613D92}.Debug (Windows)|Any CPU.ActiveCfg = Debug (Windows)|Any CPU
		{E2174012-6D2E-481A-A6C1-978E25613D92}.Debug (Windows)|Any CPU.Build.0 = Debug (Windows)|Any CPU
		{E2174012-6D2E-481A-A6C1-978E25613D92}.Release (Linux)|Any CPU.ActiveCfg = Release (Linux)|Any CPU
		{E2174012-6D2E-481A-A6C1-978E25613D92}.Release (Linux)|Any CPU.Build.0 = Release (Linux)|Any CPU
		{E2174012-6D2E-481A-A6C1-978E25613D92}.Release (MacOS)|Any CPU.ActiveCfg = Release (MacOS)|Any CPU
		{E2174012-6D2E-481A-A6C1-978E25613D92}.Release (MacOS)|Any CPU.Build.0 = Release (MacOS)|Any CPU
		{E2174012-6D2E-481A-A6C1-978E25613D92}.Debug (MacOS)|Any CPU.ActiveCfg = Debug (MacOS)|Any CPU
		{E2174012-6D2E-481A-A6C1-978E25613D92}.Debug (MacOS)|Any CPU.Build.0 = Debug (MacOS)|Any CPU
		{B93A27E5-5C77-47A5-A833-40620B50E5F9}.Release (Windows)|Any CPU.ActiveCfg = Debug|Any CPU
		{B93A27E5-5C77-47A5-A833-40620B50E5F9}.Release (Windows)|Any CPU.Build.0 = Debug|Any CPU
		{B93A27E5-5C77-47A5-A833-40620B50E5F9}.Debug (Linux)|Any CPU.ActiveCfg = Debug|Any CPU
		{B93A27E5-5C77-47A5-A833-40620B50E5F9}.Debug (Linux)|Any CPU.Build.0 = Debug|Any CPU
		{B93A27E5-5C77-47A5-A833-40620B50E5F9}.Debug (Windows)|Any CPU.ActiveCfg = Debug|Any CPU
		{B93A27E5-5C77-47A5-A833-40620B50E5F9}.Debug (Windows)|Any CPU.Build.0 = Debug|Any CPU
		{B93A27E5-5C77-47A5-A833-40620B50E5F9}.Release (Linux)|Any CPU.ActiveCfg = Debug|Any CPU
		{B93A27E5-5C77-47A5-A833-40620B50E5F9}.Release (Linux)|Any CPU.Build.0 = Debug|Any CPU
		{B93A27E5-5C77-47A5-A833-40620B50E5F9}.Release (MacOS)|Any CPU.ActiveCfg = Debug|Any CPU
		{B93A27E5-5C77-47A5-A833-40620B50E5F9}.Release (MacOS)|Any CPU.Build.0 = Debug|Any CPU
		{B93A27E5-5C77-47A5-A833-40620B50E5F9}.Debug (MacOS)|Any CPU.ActiveCfg = Debug|Any CPU
		{B93A27E5-5C77-47A5-A833-40620B50E5F9}.Debug (MacOS)|Any CPU.Build.0 = Debug|Any CPU
	EndGlobalSection
EndGlobal
